
Microsoft Visual Studio Solution File, Format Version 12.00
# Visual Studio 2013
VisualStudioVersion = 12.0.31101.0
MinimumVisualStudioVersion = 10.0.40219.1
Project("{FAE04EC0-301F-11D3-BF4B-00C04F79EFBC}") = "SocialConsole", "SocialConsole\SocialConsole.csproj", "{9FE2D24B-56FE-4C09-9223-20F52F2EFA57}"
EndProject
Project("{FAE04EC0-301F-11D3-BF4B-00C04F79EFBC}") = "SocialConsole.Tests", "SocialConsole.Tests\SocialConsole.Tests.csproj", "{89674205-1F62-4B23-8DF6-F1C040830DCA}"
EndProject
Global
	GlobalSection(SolutionConfigurationPlatforms) = preSolution
		Debug|Any CPU = Debug|Any CPU
		Release|Any CPU = Release|Any CPU
	EndGlobalSection
	GlobalSection(ProjectConfigurationPlatforms) = postSolution
		{9FE2D24B-56FE-4C09-9223-20F52F2EFA57}.Debug|Any CPU.ActiveCfg = Debug|Any CPU
		{9FE2D24B-56FE-4C09-9223-20F52F2EFA57}.Debug|Any CPU.Build.0 = Debug|Any CPU
		{9FE2D24B-56FE-4C09-9223-20F52F2EFA57}.Release|Any CPU.ActiveCfg = Release|Any CPU
		{9FE2D24B-56FE-4C09-9223-20F52F2EFA57}.Release|Any CPU.Build.0 = Release|Any CPU
		{89674205-1F62-4B23-8DF6-F1C040830DCA}.Debug|Any CPU.ActiveCfg = Debug|Any CPU
		{89674205-1F62-4B23-8DF6-F1C040830DCA}.Debug|Any CPU.Build.0 = Debug|Any CPU
		{89674205-1F62-4B23-8DF6-F1C040830DCA}.Release|Any CPU.ActiveCfg = Release|Any CPU
		{89674205-1F62-4B23-8DF6-F1C040830DCA}.Release|Any CPU.Build.0 = Release|Any CPU
	EndGlobalSection
	GlobalSection(SolutionProperties) = preSolution
		HideSolutionNode = FALSE
	EndGlobalSection
EndGlobal
